
Microsoft Visual Studio Solution File, Format Version 12.00
# Visual Studio Version 17
VisualStudioVersion = 17.4.33213.308
MinimumVisualStudioVersion = 10.0.40219.1
Project("{FAE04EC0-301F-11D3-BF4B-00C04F79EFBC}") = "Aula13Atividade", "Aula13Atividade\Aula13Atividade.csproj", "{31570C53-8572-46B7-B20A-9E81836B1C6A}"
EndProject
Global
	GlobalSection(SolutionConfigurationPlatforms) = preSolution
		Debug|Any CPU = Debug|Any CPU
		Release|Any CPU = Release|Any CPU
	EndGlobalSection
	GlobalSection(ProjectConfigurationPlatforms) = postSolution
		{31570C53-8572-46B7-B20A-9E81836B1C6A}.Debug|Any CPU.ActiveCfg = Debug|Any CPU
		{31570C53-8572-46B7-B20A-9E81836B1C6A}.Debug|Any CPU.Build.0 = Debug|Any CPU
		{31570C53-8572-46B7-B20A-9E81836B1C6A}.Release|Any CPU.ActiveCfg = Release|Any CPU
		{31570C53-8572-46B7-B20A-9E81836B1C6A}.Release|Any CPU.Build.0 = Release|Any CPU
	EndGlobalSection
	GlobalSection(SolutionProperties) = preSolution
		HideSolutionNode = FALSE
	EndGlobalSection
	GlobalSection(ExtensibilityGlobals) = postSolution
		SolutionGuid = {3B34999D-6E8B-40B2-8F50-6A3310CBE909}
	EndGlobalSection
EndGlobal
